{
  "nodes": {
    "flake-utils": {
      "locked": {
        "lastModified": 1614513358,
        "narHash": "sha256-LakhOx3S1dRjnh0b5Dg3mbZyH0ToC9I8Y2wKSkBaTzU=",
        "owner": "numtide",
        "repo": "flake-utils",
        "rev": "5466c5bbece17adaab2d82fae80b46e807611bf3",
        "type": "github"
      },
      "original": {
        "owner": "numtide",
        "repo": "flake-utils",
        "type": "github"
      }
    },
    "flake-utils_2": {
      "locked": {
        "lastModified": 1609246779,
        "narHash": "sha256-eq6ZXE/VWo3EMC65jmIT6H/rrUc9UWOWVujkzav025k=",
        "owner": "numtide",
        "repo": "flake-utils",
        "rev": "08c7ad4a0844adc4a7f9f5bb3beae482e789afa4",
        "type": "github"
      },
      "original": {
        "owner": "numtide",
        "repo": "flake-utils",
        "type": "github"
      }
    },
    "nixpkgs": {
      "locked": {
        "lastModified": 1616174264,
        "narHash": "sha256-88Pu2xh1p2tixNxdijfqoCqq9ymkEx0d6jc7ycWavLo=",
        "owner": "nixos",
        "repo": "nixpkgs",
        "rev": "f5e8bdd07d1afaabf6b37afc5497b1e498b8046f",
        "type": "github"
      },
      "original": {
        "owner": "nixos",
        "ref": "nixos-unstable",
        "repo": "nixpkgs",
        "type": "github"
      }
    },
    "nixpkgs_2": {
      "locked": {
        "lastModified": 1609079092,
        "narHash": "sha256-KhyKfxBHtZlAgudpZ0EJVzeuqROjKfVOwj8j0cuhU50=",
        "path": "/nix/store/5pmay8rdvgw5ml1xi6189xhdbygc850k-source",
        "rev": "2f47650c2f28d87f86ab807b8a339c684d91ec56",
        "type": "path"
      },
      "original": {
        "id": "nixpkgs",
        "type": "indirect"
      }
    },
    "root": {
      "inputs": {
        "flake-utils": "flake-utils",
        "nixpkgs": "nixpkgs",
        "rust-overlay": "rust-overlay"
      }
    },
    "rust-overlay": {
      "inputs": {
        "flake-utils": "flake-utils_2",
        "nixpkgs": "nixpkgs_2"
      },
      "locked": {
        "lastModified": 1616467144,
        "narHash": "sha256-7iGzusiBdQcXGrnQGcLwRoEiKtH3bNGIpXu+TJTD6Gw=",
        "owner": "oxalica",
        "repo": "rust-overlay",
        "rev": "cdaa20a3e7f97d5fad271464dac7e2725157c6e7",
        "type": "github"
      },
      "original": {
        "owner": "oxalica",
        "repo": "rust-overlay",
        "type": "github"
      }
    }
  },
  "root": "root",
  "version": 7
}
