# THIS IS AN AUTOGENERATED FILE. DO NOT EDIT THIS FILE DIRECTLY.
# yarn lockfile v1


automerge@automerge/automerge#performance:
  version "0.14.0"
  resolved "https://codeload.github.com/automerge/automerge/tar.gz/ff12d30a10f593a88b58cf18d9a6e6290359d5d1"
  dependencies:
    fast-sha256 "^1.3.0"
    immutable "^3.8.2"
    transit-immutable-js "^0.7.0"
    transit-js "^0.8.861"
    uuid "^3.4.0"

fast-sha256@^1.3.0:
  version "1.3.0"
  resolved "https://registry.yarnpkg.com/fast-sha256/-/fast-sha256-1.3.0.tgz#7916ba2054eeb255982608cccd0f6660c79b7ae6"
  integrity sha512-n11RGP/lrWEFI/bWdygLxhI+pVeo1ZYIVwvvPkW7azl/rOy+F3HYRZ2K5zeE9mmkhQppyv9sQFx0JM9UabnpPQ==

immutable@^3.8.2:
  version "3.8.2"
  resolved "https://registry.yarnpkg.com/immutable/-/immutable-3.8.2.tgz#c2439951455bb39913daf281376f1530e104adf3"
  integrity sha1-wkOZUUVbs5kT2vKBN28VMOEErfM=

transit-immutable-js@^0.7.0:
  version "0.7.0"
  resolved "https://registry.yarnpkg.com/transit-immutable-js/-/transit-immutable-js-0.7.0.tgz#993e25089b6311ff402140f556276d6d253005d9"
  integrity sha1-mT4lCJtjEf9AIUD1VidtbSUwBdk=

transit-js@^0.8.861:
  version "0.8.861"
  resolved "https://registry.yarnpkg.com/transit-js/-/transit-js-0.8.861.tgz#829e516b80349a41fff5d59f5e6993b5473f72c9"
  integrity sha512-4O9OrYPZw6C0M5gMTvaeOp+xYz6EF79JsyxIvqXHlt+pisSrioJWFOE80N8aCPoJLcNaXF442RZrVtdmd4wkDQ==

uuid@^3.4.0:
  version "3.4.0"
  resolved "https://registry.yarnpkg.com/uuid/-/uuid-3.4.0.tgz#b23e4358afa8a202fe7a100af1f5f883f02007ee"
  integrity sha512-HjSDRw6gZE5JMggctHBcjVak08+KEVhSIiDzFnT9S9aegmp85S/bReBVTb4QTFaRNptJ9kuYaNhnbNEOkbKb/A==
